
Microsoft Visual Studio Solution File, Format Version 12.00
# Visual Studio Version 17
VisualStudioVersion = 17.3.32922.545
MinimumVisualStudioVersion = 10.0.40219.1
Project("{FAE04EC0-301F-11D3-BF4B-00C04F79EFBC}") = "PRACTICE", "PRACTICE\PRACTICE.csproj", "{67E41E6A-D3FF-4110-A3D1-25268238D898}"
EndProject
Global
	GlobalSection(SolutionConfigurationPlatforms) = preSolution
		Debug|Any CPU = Debug|Any CPU
		Release|Any CPU = Release|Any CPU
	EndGlobalSection
	GlobalSection(ProjectConfigurationPlatforms) = postSolution
		{67E41E6A-D3FF-4110-A3D1-25268238D898}.Debug|Any CPU.ActiveCfg = Debug|Any CPU
		{67E41E6A-D3FF-4110-A3D1-25268238D898}.Debug|Any CPU.Build.0 = Debug|Any CPU
		{67E41E6A-D3FF-4110-A3D1-25268238D898}.Release|Any CPU.ActiveCfg = Release|Any CPU
		{67E41E6A-D3FF-4110-A3D1-25268238D898}.Release|Any CPU.Build.0 = Release|Any CPU
	EndGlobalSection
	GlobalSection(SolutionProperties) = preSolution
		HideSolutionNode = FALSE
	EndGlobalSection
	GlobalSection(ExtensibilityGlobals) = postSolution
		SolutionGuid = {4431083D-1565-41AF-8030-01143879E10C}
	EndGlobalSection
EndGlobal
